
Microsoft Visual Studio Solution File, Format Version 12.00
# Visual Studio Version 17
VisualStudioVersion = 17.14.36301.6 d17.14
MinimumVisualStudioVersion = 10.0.40219.1
Project("{FAE04EC0-301F-11D3-BF4B-00C04F79EFBC}") = "TH2_Bai5", "TH2_Bai5.csproj", "{8F31ADF0-38AA-41EA-B06E-ACF13540E80A}"
EndProject
Global
	GlobalSection(SolutionConfigurationPlatforms) = preSolution
		Debug|Any CPU = Debug|Any CPU
		Release|Any CPU = Release|Any CPU
	EndGlobalSection
	GlobalSection(ProjectConfigurationPlatforms) = postSolution
		{8F31ADF0-38AA-41EA-B06E-ACF13540E80A}.Debug|Any CPU.ActiveCfg = Debug|Any CPU
		{8F31ADF0-38AA-41EA-B06E-ACF13540E80A}.Debug|Any CPU.Build.0 = Debug|Any CPU
		{8F31ADF0-38AA-41EA-B06E-ACF13540E80A}.Release|Any CPU.ActiveCfg = Release|Any CPU
		{8F31ADF0-38AA-41EA-B06E-ACF13540E80A}.Release|Any CPU.Build.0 = Release|Any CPU
	EndGlobalSection
	GlobalSection(SolutionProperties) = preSolution
		HideSolutionNode = FALSE
	EndGlobalSection
	GlobalSection(ExtensibilityGlobals) = postSolution
		SolutionGuid = {403AAE4D-E4B5-4D37-B648-9663C02F9A96}
	EndGlobalSection
EndGlobal
