
Microsoft Visual Studio Solution File, Format Version 12.00
# Visual Studio Version 17
VisualStudioVersion = 17.14.36301.6 d17.14
MinimumVisualStudioVersion = 10.0.40219.1
Project("{FAE04EC0-301F-11D3-BF4B-00C04F79EFBC}") = "TH2_Bai1", "TH2_Bai1.csproj", "{754B7147-542B-4E27-8A1B-C87F1CF15353}"
EndProject
Global
	GlobalSection(SolutionConfigurationPlatforms) = preSolution
		Debug|Any CPU = Debug|Any CPU
		Release|Any CPU = Release|Any CPU
	EndGlobalSection
	GlobalSection(ProjectConfigurationPlatforms) = postSolution
		{754B7147-542B-4E27-8A1B-C87F1CF15353}.Debug|Any CPU.ActiveCfg = Debug|Any CPU
		{754B7147-542B-4E27-8A1B-C87F1CF15353}.Debug|Any CPU.Build.0 = Debug|Any CPU
		{754B7147-542B-4E27-8A1B-C87F1CF15353}.Release|Any CPU.ActiveCfg = Release|Any CPU
		{754B7147-542B-4E27-8A1B-C87F1CF15353}.Release|Any CPU.Build.0 = Release|Any CPU
	EndGlobalSection
	GlobalSection(SolutionProperties) = preSolution
		HideSolutionNode = FALSE
	EndGlobalSection
	GlobalSection(ExtensibilityGlobals) = postSolution
		SolutionGuid = {80E81ED4-3EF4-4AA0-8A98-CA026B58BFE4}
	EndGlobalSection
EndGlobal
