
Microsoft Visual Studio Solution File, Format Version 12.00
# Visual Studio Version 17
VisualStudioVersion = 17.14.36301.6 d17.14
MinimumVisualStudioVersion = 10.0.40219.1
Project("{FAE04EC0-301F-11D3-BF4B-00C04F79EFBC}") = "BTH2_bai3", "BTH2_bai3.csproj", "{F74BBA6E-BF45-4247-B3CA-46B42EF0D649}"
EndProject
Global
	GlobalSection(SolutionConfigurationPlatforms) = preSolution
		Debug|Any CPU = Debug|Any CPU
		Release|Any CPU = Release|Any CPU
	EndGlobalSection
	GlobalSection(ProjectConfigurationPlatforms) = postSolution
		{F74BBA6E-BF45-4247-B3CA-46B42EF0D649}.Debug|Any CPU.ActiveCfg = Debug|Any CPU
		{F74BBA6E-BF45-4247-B3CA-46B42EF0D649}.Debug|Any CPU.Build.0 = Debug|Any CPU
		{F74BBA6E-BF45-4247-B3CA-46B42EF0D649}.Release|Any CPU.ActiveCfg = Release|Any CPU
		{F74BBA6E-BF45-4247-B3CA-46B42EF0D649}.Release|Any CPU.Build.0 = Release|Any CPU
	EndGlobalSection
	GlobalSection(SolutionProperties) = preSolution
		HideSolutionNode = FALSE
	EndGlobalSection
	GlobalSection(ExtensibilityGlobals) = postSolution
		SolutionGuid = {8F6A7F1C-FD6B-49FD-B43B-17919B147B18}
	EndGlobalSection
EndGlobal
